// !$*UTF8*$!
{
	archiveVersion = 1;
	classes = {
	};
	objectVersion = 56;
	objects = {

/* Begin PBXBuildFile section */
		CAC085342A2A4554008B94A9 /* OTUSLesson1App.swift in Sources */ = {isa = PBXBuildFile; fileRef = CAC085332A2A4554008B94A9 /* OTUSLesson1App.swift */; };
		CAC085362A2A4554008B94A9 /* ContentView.swift in Sources */ = {isa = PBXBuildFile; fileRef = CAC085352A2A4554008B94A9 /* ContentView.swift */; };
		CAC085382A2A4557008B94A9 /* Assets.xcassets in Resources */ = {isa = PBXBuildFile; fileRef = CAC085372A2A4557008B94A9 /* Assets.xcassets */; };
		CAC0853B2A2A4557008B94A9 /* Preview Assets.xcassets in Resources */ = {isa = PBXBuildFile; fileRef = CAC0853A2A2A4557008B94A9 /* Preview Assets.xcassets */; };
		CAC085422A2A47DC008B94A9 /* MainWeatherScreen.swift in Sources */ = {isa = PBXBuildFile; fileRef = CAC085412A2A47DC008B94A9 /* MainWeatherScreen.swift */; };
		CAC085442A2A4904008B94A9 /* CitiesListScreen.swift in Sources */ = {isa = PBXBuildFile; fileRef = CAC085432A2A4904008B94A9 /* CitiesListScreen.swift */; };
		CAC085462A2A4BC9008B94A9 /* CityListCell.swift in Sources */ = {isa = PBXBuildFile; fileRef = CAC085452A2A4BC9008B94A9 /* CityListCell.swift */; };
		CAC0854B2A2A4C6F008B94A9 /* MapScreen.swift in Sources */ = {isa = PBXBuildFile; fileRef = CAC0854A2A2A4C6F008B94A9 /* MapScreen.swift */; };
		CAC0854D2A2A5101008B94A9 /* LocationDetailsScreen.swift in Sources */ = {isa = PBXBuildFile; fileRef = CAC0854C2A2A5101008B94A9 /* LocationDetailsScreen.swift */; };
		CAC0854F2A2A529C008B94A9 /* MapScreenViewModel.swift in Sources */ = {isa = PBXBuildFile; fileRef = CAC0854E2A2A529C008B94A9 /* MapScreenViewModel.swift */; };
		CAC085522A2A584A008B94A9 /* WeatherModel.swift in Sources */ = {isa = PBXBuildFile; fileRef = CAC085512A2A584A008B94A9 /* WeatherModel.swift */; };
		CAC085542A2A59D2008B94A9 /* CitiesListViewModel.swift in Sources */ = {isa = PBXBuildFile; fileRef = CAC085532A2A59D2008B94A9 /* CitiesListViewModel.swift */; };
		CAC085582A2A5DD8008B94A9 /* CityDetailScreen.swift in Sources */ = {isa = PBXBuildFile; fileRef = CAC085572A2A5DD8008B94A9 /* CityDetailScreen.swift */; };
/* End PBXBuildFile section */

/* Begin PBXFileReference section */
		CAC085302A2A4554008B94A9 /* OTUSLesson1.app */ = {isa = PBXFileReference; explicitFileType = wrapper.application; includeInIndex = 0; path = OTUSLesson1.app; sourceTree = BUILT_PRODUCTS_DIR; };
		CAC085332A2A4554008B94A9 /* OTUSLesson1App.swift */ = {isa = PBXFileReference; lastKnownFileType = sourcecode.swift; path = OTUSLesson1App.swift; sourceTree = "<group>"; };
		CAC085352A2A4554008B94A9 /* ContentView.swift */ = {isa = PBXFileReference; lastKnownFileType = sourcecode.swift; path = ContentView.swift; sourceTree = "<group>"; };
		CAC085372A2A4557008B94A9 /* Assets.xcassets */ = {isa = PBXFileReference; lastKnownFileType = folder.assetcatalog; path = Assets.xcassets; sourceTree = "<group>"; };
		CAC0853A2A2A4557008B94A9 /* Preview Assets.xcassets */ = {isa = PBXFileReference; lastKnownFileType = folder.assetcatalog; path = "Preview Assets.xcassets"; sourceTree = "<group>"; };
		CAC085412A2A47DC008B94A9 /* MainWeatherScreen.swift */ = {isa = PBXFileReference; lastKnownFileType = sourcecode.swift; path = MainWeatherScreen.swift; sourceTree = "<group>"; };
		CAC085432A2A4904008B94A9 /* CitiesListScreen.swift */ = {isa = PBXFileReference; lastKnownFileType = sourcecode.swift; path = CitiesListScreen.swift; sourceTree = "<group>"; };
		CAC085452A2A4BC9008B94A9 /* CityListCell.swift */ = {isa = PBXFileReference; lastKnownFileType = sourcecode.swift; path = CityListCell.swift; sourceTree = "<group>"; };
		CAC0854A2A2A4C6F008B94A9 /* MapScreen.swift */ = {isa = PBXFileReference; lastKnownFileType = sourcecode.swift; path = MapScreen.swift; sourceTree = "<group>"; };
		CAC0854C2A2A5101008B94A9 /* LocationDetailsScreen.swift */ = {isa = PBXFileReference; lastKnownFileType = sourcecode.swift; path = LocationDetailsScreen.swift; sourceTree = "<group>"; };
		CAC0854E2A2A529C008B94A9 /* MapScreenViewModel.swift */ = {isa = PBXFileReference; lastKnownFileType = sourcecode.swift; path = MapScreenViewModel.swift; sourceTree = "<group>"; };
		CAC085512A2A584A008B94A9 /* WeatherModel.swift */ = {isa = PBXFileReference; lastKnownFileType = sourcecode.swift; path = WeatherModel.swift; sourceTree = "<group>"; };
		CAC085532A2A59D2008B94A9 /* CitiesListViewModel.swift */ = {isa = PBXFileReference; lastKnownFileType = sourcecode.swift; path = CitiesListViewModel.swift; sourceTree = "<group>"; };
		CAC085572A2A5DD8008B94A9 /* CityDetailScreen.swift */ = {isa = PBXFileReference; lastKnownFileType = sourcecode.swift; path = CityDetailScreen.swift; sourceTree = "<group>"; };
/* End PBXFileReference section */

/* Begin PBXFrameworksBuildPhase section */
		CAC0852D2A2A4554008B94A9 /* Frameworks */ = {
			isa = PBXFrameworksBuildPhase;
			buildActionMask = 2147483647;
			files = (
			);
			runOnlyForDeploymentPostprocessing = 0;
		};
/* End PBXFrameworksBuildPhase section */

/* Begin PBXGroup section */
		CAC085272A2A4554008B94A9 = {
			isa = PBXGroup;
			children = (
				CAC085322A2A4554008B94A9 /* OTUSLesson1 */,
				CAC085312A2A4554008B94A9 /* Products */,
			);
			sourceTree = "<group>";
		};
		CAC085312A2A4554008B94A9 /* Products */ = {
			isa = PBXGroup;
			children = (
				CAC085302A2A4554008B94A9 /* OTUSLesson1.app */,
			);
			name = Products;
			sourceTree = "<group>";
		};
		CAC085322A2A4554008B94A9 /* OTUSLesson1 */ = {
			isa = PBXGroup;
			children = (
				CAC085332A2A4554008B94A9 /* OTUSLesson1App.swift */,
				CAC085352A2A4554008B94A9 /* ContentView.swift */,
				CAC085502A2A5837008B94A9 /* Models */,
				CAC085472A2A4BE8008B94A9 /* Main */,
				CAC085482A2A4BF0008B94A9 /* Cities */,
				CAC085562A2A5DB7008B94A9 /* CityDetail */,
				CAC085492A2A4C1F008B94A9 /* Map */,
				CAC085372A2A4557008B94A9 /* Assets.xcassets */,
				CAC085392A2A4557008B94A9 /* Preview Content */,
			);
			path = OTUSLesson1;
			sourceTree = "<group>";
		};
		CAC085392A2A4557008B94A9 /* Preview Content */ = {
			isa = PBXGroup;
			children = (
				CAC0853A2A2A4557008B94A9 /* Preview Assets.xcassets */,
			);
			path = "Preview Content";
			sourceTree = "<group>";
		};
		CAC085472A2A4BE8008B94A9 /* Main */ = {
			isa = PBXGroup;
			children = (
				CAC085412A2A47DC008B94A9 /* MainWeatherScreen.swift */,
			);
			path = Main;
			sourceTree = "<group>";
		};
		CAC085482A2A4BF0008B94A9 /* Cities */ = {
			isa = PBXGroup;
			children = (
				CAC085552A2A5A4B008B94A9 /* Cell */,
				CAC085432A2A4904008B94A9 /* CitiesListScreen.swift */,
				CAC085532A2A59D2008B94A9 /* CitiesListViewModel.swift */,
			);
			path = Cities;
			sourceTree = "<group>";
		};
		CAC085492A2A4C1F008B94A9 /* Map */ = {
			isa = PBXGroup;
			children = (
				CAC0854A2A2A4C6F008B94A9 /* MapScreen.swift */,
				CAC0854C2A2A5101008B94A9 /* LocationDetailsScreen.swift */,
				CAC0854E2A2A529C008B94A9 /* MapScreenViewModel.swift */,
			);
			path = Map;
			sourceTree = "<group>";
		};
		CAC085502A2A5837008B94A9 /* Models */ = {
			isa = PBXGroup;
			children = (
				CAC085512A2A584A008B94A9 /* WeatherModel.swift */,
			);
			path = Models;
			sourceTree = "<group>";
		};
		CAC085552A2A5A4B008B94A9 /* Cell */ = {
			isa = PBXGroup;
			children = (
				CAC085452A2A4BC9008B94A9 /* CityListCell.swift */,
			);
			path = Cell;
			sourceTree = "<group>";
		};
		CAC085562A2A5DB7008B94A9 /* CityDetail */ = {
			isa = PBXGroup;
			children = (
				CAC085572A2A5DD8008B94A9 /* CityDetailScreen.swift */,
			);
			path = CityDetail;
			sourceTree = "<group>";
		};
/* End PBXGroup section */

/* Begin PBXNativeTarget section */
		CAC0852F2A2A4554008B94A9 /* OTUSLesson1 */ = {
			isa = PBXNativeTarget;
			buildConfigurationList = CAC0853E2A2A4557008B94A9 /* Build configuration list for PBXNativeTarget "OTUSLesson1" */;
			buildPhases = (
				CAC0852C2A2A4554008B94A9 /* Sources */,
				CAC0852D2A2A4554008B94A9 /* Frameworks */,
				CAC0852E2A2A4554008B94A9 /* Resources */,
			);
			buildRules = (
			);
			dependencies = (
			);
			name = OTUSLesson1;
			productName = OTUSLesson1;
			productReference = CAC085302A2A4554008B94A9 /* OTUSLesson1.app */;
			productType = "com.apple.product-type.application";
		};
/* End PBXNativeTarget section */

/* Begin PBXProject section */
		CAC085282A2A4554008B94A9 /* Project object */ = {
			isa = PBXProject;
			attributes = {
				BuildIndependentTargetsInParallel = 1;
				LastSwiftUpdateCheck = 1430;
				LastUpgradeCheck = 1430;
				TargetAttributes = {
					CAC0852F2A2A4554008B94A9 = {
						CreatedOnToolsVersion = 14.3;
					};
				};
			};
			buildConfigurationList = CAC0852B2A2A4554008B94A9 /* Build configuration list for PBXProject "OTUSLesson1" */;
			compatibilityVersion = "Xcode 14.0";
			developmentRegion = en;
			hasScannedForEncodings = 0;
			knownRegions = (
				en,
				Base,
			);
			mainGroup = CAC085272A2A4554008B94A9;
			productRefGroup = CAC085312A2A4554008B94A9 /* Products */;
			projectDirPath = "";
			projectRoot = "";
			targets = (
				CAC0852F2A2A4554008B94A9 /* OTUSLesson1 */,
			);
		};
/* End PBXProject section */

/* Begin PBXResourcesBuildPhase section */
		CAC0852E2A2A4554008B94A9 /* Resources */ = {
			isa = PBXResourcesBuildPhase;
			buildActionMask = 2147483647;
			files = (
				CAC0853B2A2A4557008B94A9 /* Preview Assets.xcassets in Resources */,
				CAC085382A2A4557008B94A9 /* Assets.xcassets in Resources */,
			);
			runOnlyForDeploymentPostprocessing = 0;
		};
/* End PBXResourcesBuildPhase section */

/* Begin PBXSourcesBuildPhase section */
		CAC0852C2A2A4554008B94A9 /* Sources */ = {
			isa = PBXSourcesBuildPhase;
			buildActionMask = 2147483647;
			files = (
				CAC0854B2A2A4C6F008B94A9 /* MapScreen.swift in Sources */,
				CAC085462A2A4BC9008B94A9 /* CityListCell.swift in Sources */,
				CAC085422A2A47DC008B94A9 /* MainWeatherScreen.swift in Sources */,
				CAC085542A2A59D2008B94A9 /* CitiesListViewModel.swift in Sources */,
				CAC0854D2A2A5101008B94A9 /* LocationDetailsScreen.swift in Sources */,
				CAC085522A2A584A008B94A9 /* WeatherModel.swift in Sources */,
				CAC085362A2A4554008B94A9 /* ContentView.swift in Sources */,
				CAC0854F2A2A529C008B94A9 /* MapScreenViewModel.swift in Sources */,
				CAC085342A2A4554008B94A9 /* OTUSLesson1App.swift in Sources */,
				CAC085582A2A5DD8008B94A9 /* CityDetailScreen.swift in Sources */,
				CAC085442A2A4904008B94A9 /* CitiesListScreen.swift in Sources */,
			);
			runOnlyForDeploymentPostprocessing = 0;
		};
/* End PBXSourcesBuildPhase section */

/* Begin XCBuildConfiguration section */
		CAC0853C2A2A4557008B94A9 /* Debug */ = {
			isa = XCBuildConfiguration;
			buildSettings = {
				ALWAYS_SEARCH_USER_PATHS = NO;
				CLANG_ANALYZER_NONNULL = YES;
				CLANG_ANALYZER_NUMBER_OBJECT_CONVERSION = YES_AGGRESSIVE;
				CLANG_CXX_LANGUAGE_STANDARD = "gnu++20";
				CLANG_ENABLE_MODULES = YES;
				CLANG_ENABLE_OBJC_ARC = YES;
				CLANG_ENABLE_OBJC_WEAK = YES;
				CLANG_WARN_BLOCK_CAPTURE_AUTORELEASING = YES;
				CLANG_WARN_BOOL_CONVERSION = YES;
				CLANG_WARN_COMMA = YES;
				CLANG_WARN_CONSTANT_CONVERSION = YES;
				CLANG_WARN_DEPRECATED_OBJC_IMPLEMENTATIONS = YES;
				CLANG_WARN_DIRECT_OBJC_ISA_USAGE = YES_ERROR;
				CLANG_WARN_DOCUMENTATION_COMMENTS = YES;
				CLANG_WARN_EMPTY_BODY = YES;
				CLANG_WARN_ENUM_CONVERSION = YES;
				CLANG_WARN_INFINITE_RECURSION = YES;
				CLANG_WARN_INT_CONVERSION = YES;
				CLANG_WARN_NON_LITERAL_NULL_CONVERSION = YES;
				CLANG_WARN_OBJC_IMPLICIT_RETAIN_SELF = YES;
				CLANG_WARN_OBJC_LITERAL_CONVERSION = YES;
				CLANG_WARN_OBJC_ROOT_CLASS = YES_ERROR;
				CLANG_WARN_QUOTED_INCLUDE_IN_FRAMEWORK_HEADER = YES;
				CLANG_WARN_RANGE_LOOP_ANALYSIS = YES;
				CLANG_WARN_STRICT_PROTOTYPES = YES;
				CLANG_WARN_SUSPICIOUS_MOVE = YES;
				CLANG_WARN_UNGUARDED_AVAILABILITY = YES_AGGRESSIVE;
				CLANG_WARN_UNREACHABLE_CODE = YES;
				CLANG_WARN__DUPLICATE_METHOD_MATCH = YES;
				COPY_PHASE_STRIP = NO;
				DEBUG_INFORMATION_FORMAT = dwarf;
				ENABLE_STRICT_OBJC_MSGSEND = YES;
				ENABLE_TESTABILITY = YES;
				GCC_C_LANGUAGE_STANDARD = gnu11;
				GCC_DYNAMIC_NO_PIC = NO;
				GCC_NO_COMMON_BLOCKS = YES;
				GCC_OPTIMIZATION_LEVEL = 0;
				GCC_PREPROCESSOR_DEFINITIONS = (
					"DEBUG=1",
					"$(inherited)",
				);
				GCC_WARN_64_TO_32_BIT_CONVERSION = YES;
				GCC_WARN_ABOUT_RETURN_TYPE = YES_ERROR;
				GCC_WARN_UNDECLARED_SELECTOR = YES;
				GCC_WARN_UNINITIALIZED_AUTOS = YES_AGGRESSIVE;
				GCC_WARN_UNUSED_FUNCTION = YES;
				GCC_WARN_UNUSED_VARIABLE = YES;
				IPHONEOS_DEPLOYMENT_TARGET = 16.4;
				MTL_ENABLE_DEBUG_INFO = INCLUDE_SOURCE;
				MTL_FAST_MATH = YES;
				ONLY_ACTIVE_ARCH = YES;
				SDKROOT = iphoneos;
				SWIFT_ACTIVE_COMPILATION_CONDITIONS = DEBUG;
				SWIFT_OPTIMIZATION_LEVEL = "-Onone";
			};
			name = Debug;
		};
		CAC0853D2A2A4557008B94A9 /* Release */ = {
			isa = XCBuildConfiguration;
			buildSettings = {
				ALWAYS_SEARCH_USER_PATHS = NO;
				CLANG_ANALYZER_NONNULL = YES;
				CLANG_ANALYZER_NUMBER_OBJECT_CONVERSION = YES_AGGRESSIVE;
				CLANG_CXX_LANGUAGE_STANDARD = "gnu++20";
				CLANG_ENABLE_MODULES = YES;
				CLANG_ENABLE_OBJC_ARC = YES;
				CLANG_ENABLE_OBJC_WEAK = YES;
				CLANG_WARN_BLOCK_CAPTURE_AUTORELEASING = YES;
				CLANG_WARN_BOOL_CONVERSION = YES;
				CLANG_WARN_COMMA = YES;
				CLANG_WARN_CONSTANT_CONVERSION = YES;
				CLANG_WARN_DEPRECATED_OBJC_IMPLEMENTATIONS = YES;
				CLANG_WARN_DIRECT_OBJC_ISA_USAGE = YES_ERROR;
				CLANG_WARN_DOCUMENTATION_COMMENTS = YES;
				CLANG_WARN_EMPTY_BODY = YES;
				CLANG_WARN_ENUM_CONVERSION = YES;
				CLANG_WARN_INFINITE_RECURSION = YES;
				CLANG_WARN_INT_CONVERSION = YES;
				CLANG_WARN_NON_LITERAL_NULL_CONVERSION = YES;
				CLANG_WARN_OBJC_IMPLICIT_RETAIN_SELF = YES;
				CLANG_WARN_OBJC_LITERAL_CONVERSION = YES;
				CLANG_WARN_OBJC_ROOT_CLASS = YES_ERROR;
				CLANG_WARN_QUOTED_INCLUDE_IN_FRAMEWORK_HEADER = YES;
				CLANG_WARN_RANGE_LOOP_ANALYSIS = YES;
				CLANG_WARN_STRICT_PROTOTYPES = YES;
				CLANG_WARN_SUSPICIOUS_MOVE = YES;
				CLANG_WARN_UNGUARDED_AVAILABILITY = YES_AGGRESSIVE;
				CLANG_WARN_UNREACHABLE_CODE = YES;
				CLANG_WARN__DUPLICATE_METHOD_MATCH = YES;
				COPY_PHASE_STRIP = NO;
				DEBUG_INFORMATION_FORMAT = "dwarf-with-dsym";
				ENABLE_NS_ASSERTIONS = NO;
				ENABLE_STRICT_OBJC_MSGSEND = YES;
				GCC_C_LANGUAGE_STANDARD = gnu11;
				GCC_NO_COMMON_BLOCKS = YES;
				GCC_WARN_64_TO_32_BIT_CONVERSION = YES;
				GCC_WARN_ABOUT_RETURN_TYPE = YES_ERROR;
				GCC_WARN_UNDECLARED_SELECTOR = YES;
				GCC_WARN_UNINITIALIZED_AUTOS = YES_AGGRESSIVE;
				GCC_WARN_UNUSED_FUNCTION = YES;
				GCC_WARN_UNUSED_VARIABLE = YES;
				IPHONEOS_DEPLOYMENT_TARGET = 16.4;
				MTL_ENABLE_DEBUG_INFO = NO;
				MTL_FAST_MATH = YES;
				SDKROOT = iphoneos;
				SWIFT_COMPILATION_MODE = wholemodule;
				SWIFT_OPTIMIZATION_LEVEL = "-O";
				VALIDATE_PRODUCT = YES;
			};
			name = Release;
		};
		CAC0853F2A2A4557008B94A9 /* Debug */ = {
			isa = XCBuildConfiguration;
			buildSettings = {
				ASSETCATALOG_COMPILER_APPICON_NAME = AppIcon;
				ASSETCATALOG_COMPILER_GLOBAL_ACCENT_COLOR_NAME = AccentColor;
				CODE_SIGN_STYLE = Automatic;
				CURRENT_PROJECT_VERSION = 1;
				DEVELOPMENT_ASSET_PATHS = "\"OTUSLesson1/Preview Content\"";
				DEVELOPMENT_TEAM = BPXP6739DN;
				ENABLE_PREVIEWS = YES;
				GENERATE_INFOPLIST_FILE = YES;
				INFOPLIST_KEY_UIApplicationSceneManifest_Generation = YES;
				INFOPLIST_KEY_UIApplicationSupportsIndirectInputEvents = YES;
				INFOPLIST_KEY_UILaunchScreen_Generation = YES;
				INFOPLIST_KEY_UISupportedInterfaceOrientations_iPad = "UIInterfaceOrientationPortrait UIInterfaceOrientationPortraitUpsideDown UIInterfaceOrientationLandscapeLeft UIInterfaceOrientationLandscapeRight";
				INFOPLIST_KEY_UISupportedInterfaceOrientations_iPhone = "UIInterfaceOrientationPortrait UIInterfaceOrientationLandscapeLeft UIInterfaceOrientationLandscapeRight";
				LD_RUNPATH_SEARCH_PATHS = (
					"$(inherited)",
					"@executable_path/Frameworks",
				);
				MARKETING_VERSION = 1.0;
				PRODUCT_BUNDLE_IDENTIFIER = com.development.mitrio.OTUSLesson1;
				PRODUCT_NAME = "$(TARGET_NAME)";
				SWIFT_EMIT_LOC_STRINGS = YES;
				SWIFT_VERSION = 5.0;
				TARGETED_DEVICE_FAMILY = "1,2";
			};
			name = Debug;
		};
		CAC085402A2A4557008B94A9 /* Release */ = {
			isa = XCBuildConfiguration;
			buildSettings = {
				ASSETCATALOG_COMPILER_APPICON_NAME = AppIcon;
				ASSETCATALOG_COMPILER_GLOBAL_ACCENT_COLOR_NAME = AccentColor;
				CODE_SIGN_STYLE = Automatic;
				CURRENT_PROJECT_VERSION = 1;
				DEVELOPMENT_ASSET_PATHS = "\"OTUSLesson1/Preview Content\"";
				DEVELOPMENT_TEAM = BPXP6739DN;
				ENABLE_PREVIEWS = YES;
				GENERATE_INFOPLIST_FILE = YES;
				INFOPLIST_KEY_UIApplicationSceneManifest_Generation = YES;
				INFOPLIST_KEY_UIApplicationSupportsIndirectInputEvents = YES;
				INFOPLIST_KEY_UILaunchScreen_Generation = YES;
				INFOPLIST_KEY_UISupportedInterfaceOrientations_iPad = "UIInterfaceOrientationPortrait UIInterfaceOrientationPortraitUpsideDown UIInterfaceOrientationLandscapeLeft UIInterfaceOrientationLandscapeRight";
				INFOPLIST_KEY_UISupportedInterfaceOrientations_iPhone = "UIInterfaceOrientationPortrait UIInterfaceOrientationLandscapeLeft UIInterfaceOrientationLandscapeRight";
				LD_RUNPATH_SEARCH_PATHS = (
					"$(inherited)",
					"@executable_path/Frameworks",
				);
				MARKETING_VERSION = 1.0;
				PRODUCT_BUNDLE_IDENTIFIER = com.development.mitrio.OTUSLesson1;
				PRODUCT_NAME = "$(TARGET_NAME)";
				SWIFT_EMIT_LOC_STRINGS = YES;
				SWIFT_VERSION = 5.0;
				TARGETED_DEVICE_FAMILY = "1,2";
			};
			name = Release;
		};
/* End XCBuildConfiguration section */

/* Begin XCConfigurationList section */
		CAC0852B2A2A4554008B94A9 /* Build configuration list for PBXProject "OTUSLesson1" */ = {
			isa = XCConfigurationList;
			buildConfigurations = (
				CAC0853C2A2A4557008B94A9 /* Debug */,
				CAC0853D2A2A4557008B94A9 /* Release */,
			);
			defaultConfigurationIsVisible = 0;
			defaultConfigurationName = Release;
		};
		CAC0853E2A2A4557008B94A9 /* Build configuration list for PBXNativeTarget "OTUSLesson1" */ = {
			isa = XCConfigurationList;
			buildConfigurations = (
				CAC0853F2A2A4557008B94A9 /* Debug */,
				CAC085402A2A4557008B94A9 /* Release */,
			);
			defaultConfigurationIsVisible = 0;
			defaultConfigurationName = Release;
		};
/* End XCConfigurationList section */
	};
	rootObject = CAC085282A2A4554008B94A9 /* Project object */;
}
